// !$*UTF8*$!
{
	archiveVersion = 1;
	classes = {
	};
	objectVersion = 46;
	objects = {

/* Begin PBXBuildFile section */
		19B78A1E4AA4A8A4A7280B77 /* Pods.framework in Frameworks */ = {isa = PBXBuildFile; fileRef = AF394042B3B95BC26FABCD44 /* Pods.framework */; };
		2E03F5C61D1152A5009A2EE8 /* LBNetworkTool.swift in Sources */ = {isa = PBXBuildFile; fileRef = 2E03F5C51D1152A5009A2EE8 /* LBNetworkTool.swift */; };
		2E2F80461D0D6BC40089DD86 /* LBSinaBaseController.swift in Sources */ = {isa = PBXBuildFile; fileRef = 2E2F80451D0D6BC40089DD86 /* LBSinaBaseController.swift */; };
		2E66E8251CEF1D6B004EC8C8 /* LBSinaTabBar.swift in Sources */ = {isa = PBXBuildFile; fileRef = 2E66E8241CEF1D6B004EC8C8 /* LBSinaTabBar.swift */; };
		2E9509851CEDAD060005DFC3 /* AppDelegate.swift in Sources */ = {isa = PBXBuildFile; fileRef = 2E95097D1CEDAD060005DFC3 /* AppDelegate.swift */; };
		2E9509871CEDAD060005DFC3 /* LaunchScreen.storyboard in Resources */ = {isa = PBXBuildFile; fileRef = 2E9509821CEDAD060005DFC3 /* LaunchScreen.storyboard */; };
		2E9509881CEDAD060005DFC3 /* Info.plist in Resources */ = {isa = PBXBuildFile; fileRef = 2E9509841CEDAD060005DFC3 /* Info.plist */; };
		2EB0B1DA1D12A62600C0F0FE /* LBUserAccount.swift in Sources */ = {isa = PBXBuildFile; fileRef = 2EB0B1D91D12A62600C0F0FE /* LBUserAccount.swift */; };
		2EB873F11D0E5836000C39F8 /* LBLoginView.swift in Sources */ = {isa = PBXBuildFile; fileRef = 2EB873F01D0E5836000C39F8 /* LBLoginView.swift */; };
		2EC5D3B11CFEED4800FD857D /* SinaBlogSetting.json in Resources */ = {isa = PBXBuildFile; fileRef = 2EC5D3B01CFEED4800FD857D /* SinaBlogSetting.json */; };
		2EE74C841D10FCBB00F147F6 /* LBSinaOAuthController.swift in Sources */ = {isa = PBXBuildFile; fileRef = 2EE74C831D10FCBB00F147F6 /* LBSinaOAuthController.swift */; };
		2EE74C861D1106E500F147F6 /* Assets.xcassets in Resources */ = {isa = PBXBuildFile; fileRef = 2EE74C851D1106E500F147F6 /* Assets.xcassets */; };
		2EFACABF1CEDCD7A00CC247D /* LBSinaHomeController.swift in Sources */ = {isa = PBXBuildFile; fileRef = 2EFACABE1CEDCD7A00CC247D /* LBSinaHomeController.swift */; };
		2EFACAC11CEDCDCA00CC247D /* LBSinaMessageController.swift in Sources */ = {isa = PBXBuildFile; fileRef = 2EFACAC01CEDCDCA00CC247D /* LBSinaMessageController.swift */; };
		2EFACAC31CEDCDED00CC247D /* LBSinaDiscoverController.swift in Sources */ = {isa = PBXBuildFile; fileRef = 2EFACAC21CEDCDED00CC247D /* LBSinaDiscoverController.swift */; };
		2EFACAC51CEDCE0500CC247D /* LBSinaProfileController.swift in Sources */ = {isa = PBXBuildFile; fileRef = 2EFACAC41CEDCE0500CC247D /* LBSinaProfileController.swift */; };
		2EFACAC71CEDCE8E00CC247D /* LBSinaTabBarController.swift in Sources */ = {isa = PBXBuildFile; fileRef = 2EFACAC61CEDCE8E00CC247D /* LBSinaTabBarController.swift */; };
/* End PBXBuildFile section */

/* Begin PBXFileReference section */
		2E03F5C51D1152A5009A2EE8 /* LBNetworkTool.swift */ = {isa = PBXFileReference; fileEncoding = 4; lastKnownFileType = sourcecode.swift; path = LBNetworkTool.swift; sourceTree = "<group>"; };
		2E2F80451D0D6BC40089DD86 /* LBSinaBaseController.swift */ = {isa = PBXFileReference; fileEncoding = 4; lastKnownFileType = sourcecode.swift; path = LBSinaBaseController.swift; sourceTree = "<group>"; };
		2E41BA261CEDA7360066963D /* LBPersonalApp.app */ = {isa = PBXFileReference; explicitFileType = wrapper.application; includeInIndex = 0; path = LBPersonalApp.app; sourceTree = BUILT_PRODUCTS_DIR; };
		2E66E8241CEF1D6B004EC8C8 /* LBSinaTabBar.swift */ = {isa = PBXFileReference; fileEncoding = 4; lastKnownFileType = sourcecode.swift; path = LBSinaTabBar.swift; sourceTree = "<group>"; };
		2E95097D1CEDAD060005DFC3 /* AppDelegate.swift */ = {isa = PBXFileReference; fileEncoding = 4; lastKnownFileType = sourcecode.swift; path = AppDelegate.swift; sourceTree = "<group>"; };
		2E9509831CEDAD060005DFC3 /* Base */ = {isa = PBXFileReference; lastKnownFileType = file.storyboard; name = Base; path = Base.lproj/LaunchScreen.storyboard; sourceTree = "<group>"; };
		2E9509841CEDAD060005DFC3 /* Info.plist */ = {isa = PBXFileReference; fileEncoding = 4; lastKnownFileType = text.plist.xml; path = Info.plist; sourceTree = "<group>"; };
		2EB0B1D91D12A62600C0F0FE /* LBUserAccount.swift */ = {isa = PBXFileReference; fileEncoding = 4; lastKnownFileType = sourcecode.swift; path = LBUserAccount.swift; sourceTree = "<group>"; };
		2EB873F01D0E5836000C39F8 /* LBLoginView.swift */ = {isa = PBXFileReference; fileEncoding = 4; lastKnownFileType = sourcecode.swift; path = LBLoginView.swift; sourceTree = "<group>"; };
		2EC5D3B01CFEED4800FD857D /* SinaBlogSetting.json */ = {isa = PBXFileReference; fileEncoding = 4; lastKnownFileType = text.json; path = SinaBlogSetting.json; sourceTree = "<group>"; };
		2EE74C831D10FCBB00F147F6 /* LBSinaOAuthController.swift */ = {isa = PBXFileReference; fileEncoding = 4; lastKnownFileType = sourcecode.swift; path = LBSinaOAuthController.swift; sourceTree = "<group>"; };
		2EE74C851D1106E500F147F6 /* Assets.xcassets */ = {isa = PBXFileReference; lastKnownFileType = folder.assetcatalog; path = Assets.xcassets; sourceTree = "<group>"; };
		2EFACABE1CEDCD7A00CC247D /* LBSinaHomeController.swift */ = {isa = PBXFileReference; fileEncoding = 4; lastKnownFileType = sourcecode.swift; path = LBSinaHomeController.swift; sourceTree = "<group>"; };
		2EFACAC01CEDCDCA00CC247D /* LBSinaMessageController.swift */ = {isa = PBXFileReference; fileEncoding = 4; lastKnownFileType = sourcecode.swift; name = LBSinaMessageController.swift; path = ../LBSinaMessageController.swift; sourceTree = "<group>"; };
		2EFACAC21CEDCDED00CC247D /* LBSinaDiscoverController.swift */ = {isa = PBXFileReference; fileEncoding = 4; lastKnownFileType = sourcecode.swift; path = LBSinaDiscoverController.swift; sourceTree = "<group>"; };
		2EFACAC41CEDCE0500CC247D /* LBSinaProfileController.swift */ = {isa = PBXFileReference; fileEncoding = 4; lastKnownFileType = sourcecode.swift; path = LBSinaProfileController.swift; sourceTree = "<group>"; };
		2EFACAC61CEDCE8E00CC247D /* LBSinaTabBarController.swift */ = {isa = PBXFileReference; fileEncoding = 4; lastKnownFileType = sourcecode.swift; path = LBSinaTabBarController.swift; sourceTree = "<group>"; };
		95356B0575B67ABBBC5136E6 /* Pods.release.xcconfig */ = {isa = PBXFileReference; includeInIndex = 1; lastKnownFileType = text.xcconfig; name = Pods.release.xcconfig; path = "Pods/Target Support Files/Pods/Pods.release.xcconfig"; sourceTree = "<group>"; };
		A8A304B12D33CB5689F694A7 /* Pods.debug.xcconfig */ = {isa = PBXFileReference; includeInIndex = 1; lastKnownFileType = text.xcconfig; name = Pods.debug.xcconfig; path = "Pods/Target Support Files/Pods/Pods.debug.xcconfig"; sourceTree = "<group>"; };
		AF394042B3B95BC26FABCD44 /* Pods.framework */ = {isa = PBXFileReference; explicitFileType = wrapper.framework; includeInIndex = 0; path = Pods.framework; sourceTree = BUILT_PRODUCTS_DIR; };
/* End PBXFileReference section */

/* Begin PBXFrameworksBuildPhase section */
		2E41BA231CEDA7360066963D /* Frameworks */ = {
			isa = PBXFrameworksBuildPhase;
			buildActionMask = 2147483647;
			files = (
				19B78A1E4AA4A8A4A7280B77 /* Pods.framework in Frameworks */,
			);
			runOnlyForDeploymentPostprocessing = 0;
		};
/* End PBXFrameworksBuildPhase section */

/* Begin PBXGroup section */
		2E03F5C41D11527B009A2EE8 /* Http(网络请求) */ = {
			isa = PBXGroup;
			children = (
				2E03F5C51D1152A5009A2EE8 /* LBNetworkTool.swift */,
			);
			name = "Http(网络请求)";
			path = Http;
			sourceTree = "<group>";
		};
		2E41BA1D1CEDA7360066963D = {
			isa = PBXGroup;
			children = (
				2E41BA281CEDA7360066963D /* LBPersonalApp */,
				2E41BA271CEDA7360066963D /* Products */,
				B7ED8E9972FD0A8AC3BD8F51 /* Frameworks */,
				9959A6CDF2295D955FBB2585 /* Pods */,
			);
			sourceTree = "<group>";
		};
		2E41BA271CEDA7360066963D /* Products */ = {
			isa = PBXGroup;
			children = (
				2E41BA261CEDA7360066963D /* LBPersonalApp.app */,
			);
			name = Products;
			sourceTree = "<group>";
		};
		2E41BA281CEDA7360066963D /* LBPersonalApp */ = {
			isa = PBXGroup;
			children = (
				2E95097C1CEDAD060005DFC3 /* AppDelegate */,
				2E95097E1CEDAD060005DFC3 /* Extension */,
				2E95097F1CEDAD060005DFC3 /* Main */,
				2E9509801CEDAD060005DFC3 /* Supporting Files */,
			);
			path = LBPersonalApp;
			sourceTree = "<group>";
		};
		2E95097C1CEDAD060005DFC3 /* AppDelegate */ = {
			isa = PBXGroup;
			children = (
				2E95097D1CEDAD060005DFC3 /* AppDelegate.swift */,
			);
			path = AppDelegate;
			sourceTree = "<group>";
		};
		2E95097E1CEDAD060005DFC3 /* Extension */ = {
			isa = PBXGroup;
			children = (
				2EB0B1D81D12A5BA00C0F0FE /* Data */,
				2E03F5C41D11527B009A2EE8 /* Http(网络请求) */,
			);
			path = Extension;
			sourceTree = "<group>";
		};
		2E95097F1CEDAD060005DFC3 /* Main */ = {
			isa = PBXGroup;
			children = (
				2EFACABD1CEDCD0600CC247D /* SinaBlog(微博) */,
				2EE74C821D10FC7B00F147F6 /* SinaOAuth(授权) */,
				2EFACAAE1CEDCC6800CC247D /* Home(首页) */,
				2EFACAB31CEDCC6800CC247D /* Message(消息) */,
				2EFACAA91CEDCC6800CC247D /* Discover(发现) */,
				2EFACAB81CEDCC6800CC247D /* Profile(我的) */,
			);
			path = Main;
			sourceTree = "<group>";
		};
		2E9509801CEDAD060005DFC3 /* Supporting Files */ = {
			isa = PBXGroup;
			children = (
				2EE74C851D1106E500F147F6 /* Assets.xcassets */,
				2E9509821CEDAD060005DFC3 /* LaunchScreen.storyboard */,
				2E9509841CEDAD060005DFC3 /* Info.plist */,
			);
			path = "Supporting Files";
			sourceTree = "<group>";
		};
		2EB0B1D81D12A5BA00C0F0FE /* Data */ = {
			isa = PBXGroup;
			children = (
				2EB0B1D91D12A62600C0F0FE /* LBUserAccount.swift */,
			);
			path = Data;
			sourceTree = "<group>";
		};
		2EB873EF1D0E57F9000C39F8 /* View */ = {
			isa = PBXGroup;
			children = (
				2E66E8241CEF1D6B004EC8C8 /* LBSinaTabBar.swift */,
				2EB873F01D0E5836000C39F8 /* LBLoginView.swift */,
			);
			name = View;
			sourceTree = "<group>";
		};
		2EE74C821D10FC7B00F147F6 /* SinaOAuth(授权) */ = {
			isa = PBXGroup;
			children = (
				2EE74C831D10FCBB00F147F6 /* LBSinaOAuthController.swift */,
			);
			name = "SinaOAuth(授权)";
			path = SinaOAuth;
			sourceTree = "<group>";
		};
		2EFACAA91CEDCC6800CC247D /* Discover(发现) */ = {
			isa = PBXGroup;
			children = (
				2EFACAAA1CEDCC6800CC247D /* Controller */,
				2EFACAAB1CEDCC6800CC247D /* Model */,
				2EFACAAC1CEDCC6800CC247D /* Tool */,
				2EFACAAD1CEDCC6800CC247D /* View */,
			);
			name = "Discover(发现)";
			path = Discover;
			sourceTree = "<group>";
		};
		2EFACAAA1CEDCC6800CC247D /* Controller */ = {
			isa = PBXGroup;
			children = (
				2EFACAC21CEDCDED00CC247D /* LBSinaDiscoverController.swift */,
			);
			path = Controller;
			sourceTree = "<group>";
		};
		2EFACAAB1CEDCC6800CC247D /* Model */ = {
			isa = PBXGroup;
			children = (
			);
			path = Model;
			sourceTree = "<group>";
		};
		2EFACAAC1CEDCC6800CC247D /* Tool */ = {
			isa = PBXGroup;
			children = (
			);
			path = Tool;
			sourceTree = "<group>";
		};
		2EFACAAD1CEDCC6800CC247D /* View */ = {
			isa = PBXGroup;
			children = (
			);
			path = View;
			sourceTree = "<group>";
		};
		2EFACAAE1CEDCC6800CC247D /* Home(首页) */ = {
			isa = PBXGroup;
			children = (
				2EFACAAF1CEDCC6800CC247D /* Controller */,
				2EFACAB01CEDCC6800CC247D /* Model */,
				2EFACAB11CEDCC6800CC247D /* Tool */,
				2EFACAB21CEDCC6800CC247D /* View */,
			);
			name = "Home(首页)";
			path = Home;
			sourceTree = "<group>";
		};
		2EFACAAF1CEDCC6800CC247D /* Controller */ = {
			isa = PBXGroup;
			children = (
				2EFACABE1CEDCD7A00CC247D /* LBSinaHomeController.swift */,
			);
			path = Controller;
			sourceTree = "<group>";
		};
		2EFACAB01CEDCC6800CC247D /* Model */ = {
			isa = PBXGroup;
			children = (
			);
			path = Model;
			sourceTree = "<group>";
		};
		2EFACAB11CEDCC6800CC247D /* Tool */ = {
			isa = PBXGroup;
			children = (
			);
			path = Tool;
			sourceTree = "<group>";
		};
		2EFACAB21CEDCC6800CC247D /* View */ = {
			isa = PBXGroup;
			children = (
			);
			path = View;
			sourceTree = "<group>";
		};
		2EFACAB31CEDCC6800CC247D /* Message(消息) */ = {
			isa = PBXGroup;
			children = (
				2EFACAB41CEDCC6800CC247D /* Controller */,
				2EFACAB51CEDCC6800CC247D /* Model */,
				2EFACAB61CEDCC6800CC247D /* Tool */,
				2EFACAB71CEDCC6800CC247D /* View */,
			);
			name = "Message(消息)";
			path = Message;
			sourceTree = "<group>";
		};
		2EFACAB41CEDCC6800CC247D /* Controller */ = {
			isa = PBXGroup;
			children = (
				2EFACAC01CEDCDCA00CC247D /* LBSinaMessageController.swift */,
			);
			path = Controller;
			sourceTree = "<group>";
		};
		2EFACAB51CEDCC6800CC247D /* Model */ = {
			isa = PBXGroup;
			children = (
			);
			path = Model;
			sourceTree = "<group>";
		};
		2EFACAB61CEDCC6800CC247D /* Tool */ = {
			isa = PBXGroup;
			children = (
			);
			path = Tool;
			sourceTree = "<group>";
		};
		2EFACAB71CEDCC6800CC247D /* View */ = {
			isa = PBXGroup;
			children = (
			);
			path = View;
			sourceTree = "<group>";
		};
		2EFACAB81CEDCC6800CC247D /* Profile(我的) */ = {
			isa = PBXGroup;
			children = (
				2EFACAB91CEDCC6800CC247D /* Controller */,
				2EFACABA1CEDCC6800CC247D /* Model */,
				2EFACABB1CEDCC6800CC247D /* Tool */,
				2EFACABC1CEDCC6800CC247D /* View */,
			);
			name = "Profile(我的)";
			path = Profile;
			sourceTree = "<group>";
		};
		2EFACAB91CEDCC6800CC247D /* Controller */ = {
			isa = PBXGroup;
			children = (
				2EFACAC41CEDCE0500CC247D /* LBSinaProfileController.swift */,
			);
			path = Controller;
			sourceTree = "<group>";
		};
		2EFACABA1CEDCC6800CC247D /* Model */ = {
			isa = PBXGroup;
			children = (
			);
			path = Model;
			sourceTree = "<group>";
		};
		2EFACABB1CEDCC6800CC247D /* Tool */ = {
			isa = PBXGroup;
			children = (
			);
			path = Tool;
			sourceTree = "<group>";
		};
		2EFACABC1CEDCC6800CC247D /* View */ = {
			isa = PBXGroup;
			children = (
			);
			path = View;
			sourceTree = "<group>";
		};
		2EFACABD1CEDCD0600CC247D /* SinaBlog(微博) */ = {
			isa = PBXGroup;
			children = (
				2EC5D3B01CFEED4800FD857D /* SinaBlogSetting.json */,
				2EFACAC61CEDCE8E00CC247D /* LBSinaTabBarController.swift */,
				2E2F80451D0D6BC40089DD86 /* LBSinaBaseController.swift */,
				2EB873EF1D0E57F9000C39F8 /* View */,
			);
			name = "SinaBlog(微博)";
			path = SinaBlog;
			sourceTree = "<group>";
		};
		9959A6CDF2295D955FBB2585 /* Pods */ = {
			isa = PBXGroup;
			children = (
				A8A304B12D33CB5689F694A7 /* Pods.debug.xcconfig */,
				95356B0575B67ABBBC5136E6 /* Pods.release.xcconfig */,
			);
			name = Pods;
			sourceTree = "<group>";
		};
		B7ED8E9972FD0A8AC3BD8F51 /* Frameworks */ = {
			isa = PBXGroup;
			children = (
				AF394042B3B95BC26FABCD44 /* Pods.framework */,
			);
			name = Frameworks;
			sourceTree = "<group>";
		};
/* End PBXGroup section */

/* Begin PBXNativeTarget section */
		2E41BA251CEDA7360066963D /* LBPersonalApp */ = {
			isa = PBXNativeTarget;
			buildConfigurationList = 2E41BA4E1CEDA7360066963D /* Build configuration list for PBXNativeTarget "LBPersonalApp" */;
			buildPhases = (
				78C76B9A63897CE7F58FDA1F /* Check Pods Manifest.lock */,
				2E41BA221CEDA7360066963D /* Sources */,
				2E41BA231CEDA7360066963D /* Frameworks */,
				2E41BA241CEDA7360066963D /* Resources */,
				37C055226437401F1E51315F /* Embed Pods Frameworks */,
				B6C7C2B4DBBD6D0AB38B8890 /* Copy Pods Resources */,
			);
			buildRules = (
			);
			dependencies = (
			);
			name = LBPersonalApp;
			productName = LBPersonalApp;
			productReference = 2E41BA261CEDA7360066963D /* LBPersonalApp.app */;
			productType = "com.apple.product-type.application";
		};
/* End PBXNativeTarget section */

/* Begin PBXProject section */
		2E41BA1E1CEDA7360066963D /* Project object */ = {
			isa = PBXProject;
			attributes = {
				CLASSPREFIX = LB;
				LastSwiftUpdateCheck = 0720;
				LastUpgradeCheck = 0720;
				ORGANIZATIONNAME = LB;
				TargetAttributes = {
					2E41BA251CEDA7360066963D = {
						CreatedOnToolsVersion = 7.2;
					};
				};
			};
			buildConfigurationList = 2E41BA211CEDA7360066963D /* Build configuration list for PBXProject "LBPersonalApp" */;
			compatibilityVersion = "Xcode 3.2";
			developmentRegion = English;
			hasScannedForEncodings = 0;
			knownRegions = (
				en,
				Base,
			);
			mainGroup = 2E41BA1D1CEDA7360066963D;
			productRefGroup = 2E41BA271CEDA7360066963D /* Products */;
			projectDirPath = "";
			projectRoot = "";
			targets = (
				2E41BA251CEDA7360066963D /* LBPersonalApp */,
			);
		};
/* End PBXProject section */

/* Begin PBXResourcesBuildPhase section */
		2E41BA241CEDA7360066963D /* Resources */ = {
			isa = PBXResourcesBuildPhase;
			buildActionMask = 2147483647;
			files = (
				2E9509871CEDAD060005DFC3 /* LaunchScreen.storyboard in Resources */,
				2EC5D3B11CFEED4800FD857D /* SinaBlogSetting.json in Resources */,
				2EE74C861D1106E500F147F6 /* Assets.xcassets in Resources */,
				2E9509881CEDAD060005DFC3 /* Info.plist in Resources */,
			);
			runOnlyForDeploymentPostprocessing = 0;
		};
/* End PBXResourcesBuildPhase section */

/* Begin PBXShellScriptBuildPhase section */
		37C055226437401F1E51315F /* Embed Pods Frameworks */ = {
			isa = PBXShellScriptBuildPhase;
			buildActionMask = 2147483647;
			files = (
			);
			inputPaths = (
			);
			name = "Embed Pods Frameworks";
			outputPaths = (
			);
			runOnlyForDeploymentPostprocessing = 0;
			shellPath = /bin/sh;
			shellScript = "\"${SRCROOT}/Pods/Target Support Files/Pods/Pods-frameworks.sh\"\n";
			showEnvVarsInLog = 0;
		};
		78C76B9A63897CE7F58FDA1F /* Check Pods Manifest.lock */ = {
			isa = PBXShellScriptBuildPhase;
			buildActionMask = 2147483647;
			files = (
			);
			inputPaths = (
			);
			name = "Check Pods Manifest.lock";
			outputPaths = (
			);
			runOnlyForDeploymentPostprocessing = 0;
			shellPath = /bin/sh;
			shellScript = "diff \"${PODS_ROOT}/../Podfile.lock\" \"${PODS_ROOT}/Manifest.lock\" > /dev/null\nif [[ $? != 0 ]] ; then\n    cat << EOM\nerror: The sandbox is not in sync with the Podfile.lock. Run 'pod install' or update your CocoaPods installation.\nEOM\n    exit 1\nfi\n";
			showEnvVarsInLog = 0;
		};
		B6C7C2B4DBBD6D0AB38B8890 /* Copy Pods Resources */ = {
			isa = PBXShellScriptBuildPhase;
			buildActionMask = 2147483647;
			files = (
			);
			inputPaths = (
			);
			name = "Copy Pods Resources";
			outputPaths = (
			);
			runOnlyForDeploymentPostprocessing = 0;
			shellPath = /bin/sh;
			shellScript = "\"${SRCROOT}/Pods/Target Support Files/Pods/Pods-resources.sh\"\n";
			showEnvVarsInLog = 0;
		};
/* End PBXShellScriptBuildPhase section */

/* Begin PBXSourcesBuildPhase section */
		2E41BA221CEDA7360066963D /* Sources */ = {
			isa = PBXSourcesBuildPhase;
			buildActionMask = 2147483647;
			files = (
				2E9509851CEDAD060005DFC3 /* AppDelegate.swift in Sources */,
				2EFACAC51CEDCE0500CC247D /* LBSinaProfileController.swift in Sources */,
				2EFACAC31CEDCDED00CC247D /* LBSinaDiscoverController.swift in Sources */,
				2E66E8251CEF1D6B004EC8C8 /* LBSinaTabBar.swift in Sources */,
				2EB0B1DA1D12A62600C0F0FE /* LBUserAccount.swift in Sources */,
				2EFACABF1CEDCD7A00CC247D /* LBSinaHomeController.swift in Sources */,
				2E2F80461D0D6BC40089DD86 /* LBSinaBaseController.swift in Sources */,
				2EFACAC71CEDCE8E00CC247D /* LBSinaTabBarController.swift in Sources */,
				2E03F5C61D1152A5009A2EE8 /* LBNetworkTool.swift in Sources */,
				2EB873F11D0E5836000C39F8 /* LBLoginView.swift in Sources */,
				2EE74C841D10FCBB00F147F6 /* LBSinaOAuthController.swift in Sources */,
				2EFACAC11CEDCDCA00CC247D /* LBSinaMessageController.swift in Sources */,
			);
			runOnlyForDeploymentPostprocessing = 0;
		};
/* End PBXSourcesBuildPhase section */

/* Begin PBXVariantGroup section */
		2E9509821CEDAD060005DFC3 /* LaunchScreen.storyboard */ = {
			isa = PBXVariantGroup;
			children = (
				2E9509831CEDAD060005DFC3 /* Base */,
			);
			name = LaunchScreen.storyboard;
			sourceTree = "<group>";
		};
/* End PBXVariantGroup section */

/* Begin XCBuildConfiguration section */
		2E41BA4C1CEDA7360066963D /* Debug */ = {
			isa = XCBuildConfiguration;
			buildSettings = {
				ALWAYS_SEARCH_USER_PATHS = NO;
				CLANG_CXX_LANGUAGE_STANDARD = "gnu++0x";
				CLANG_CXX_LIBRARY = "libc++";
				CLANG_ENABLE_MODULES = YES;
				CLANG_ENABLE_OBJC_ARC = YES;
				CLANG_WARN_BOOL_CONVERSION = YES;
				CLANG_WARN_CONSTANT_CONVERSION = YES;
				CLANG_WARN_DIRECT_OBJC_ISA_USAGE = YES_ERROR;
				CLANG_WARN_EMPTY_BODY = YES;
				CLANG_WARN_ENUM_CONVERSION = YES;
				CLANG_WARN_INT_CONVERSION = YES;
				CLANG_WARN_OBJC_ROOT_CLASS = YES_ERROR;
				CLANG_WARN_UNREACHABLE_CODE = YES;
				CLANG_WARN__DUPLICATE_METHOD_MATCH = YES;
				"CODE_SIGN_IDENTITY[sdk=iphoneos*]" = "iPhone Developer";
				COPY_PHASE_STRIP = NO;
				DEBUG_INFORMATION_FORMAT = dwarf;
				ENABLE_STRICT_OBJC_MSGSEND = YES;
				ENABLE_TESTABILITY = YES;
				GCC_C_LANGUAGE_STANDARD = gnu99;
				GCC_DYNAMIC_NO_PIC = NO;
				GCC_NO_COMMON_BLOCKS = YES;
				GCC_OPTIMIZATION_LEVEL = 0;
				GCC_PREPROCESSOR_DEFINITIONS = (
					"DEBUG=1",
					"$(inherited)",
				);
				GCC_WARN_64_TO_32_BIT_CONVERSION = YES;
				GCC_WARN_ABOUT_RETURN_TYPE = YES_ERROR;
				GCC_WARN_UNDECLARED_SELECTOR = YES;
				GCC_WARN_UNINITIALIZED_AUTOS = YES_AGGRESSIVE;
				GCC_WARN_UNUSED_FUNCTION = YES;
				GCC_WARN_UNUSED_VARIABLE = YES;
				IPHONEOS_DEPLOYMENT_TARGET = 9.2;
				MTL_ENABLE_DEBUG_INFO = YES;
				ONLY_ACTIVE_ARCH = YES;
				SDKROOT = iphoneos;
				SWIFT_OPTIMIZATION_LEVEL = "-Onone";
			};
			name = Debug;
		};
		2E41BA4D1CEDA7360066963D /* Release */ = {
			isa = XCBuildConfiguration;
			buildSettings = {
				ALWAYS_SEARCH_USER_PATHS = NO;
				CLANG_CXX_LANGUAGE_STANDARD = "gnu++0x";
				CLANG_CXX_LIBRARY = "libc++";
				CLANG_ENABLE_MODULES = YES;
				CLANG_ENABLE_OBJC_ARC = YES;
				CLANG_WARN_BOOL_CONVERSION = YES;
				CLANG_WARN_CONSTANT_CONVERSION = YES;
				CLANG_WARN_DIRECT_OBJC_ISA_USAGE = YES_ERROR;
				CLANG_WARN_EMPTY_BODY = YES;
				CLANG_WARN_ENUM_CONVERSION = YES;
				CLANG_WARN_INT_CONVERSION = YES;
				CLANG_WARN_OBJC_ROOT_CLASS = YES_ERROR;
				CLANG_WARN_UNREACHABLE_CODE = YES;
				CLANG_WARN__DUPLICATE_METHOD_MATCH = YES;
				"CODE_SIGN_IDENTITY[sdk=iphoneos*]" = "iPhone Developer";
				COPY_PHASE_STRIP = NO;
				DEBUG_INFORMATION_FORMAT = "dwarf-with-dsym";
				ENABLE_NS_ASSERTIONS = NO;
				ENABLE_STRICT_OBJC_MSGSEND = YES;
				GCC_C_LANGUAGE_STANDARD = gnu99;
				GCC_NO_COMMON_BLOCKS = YES;
				GCC_WARN_64_TO_32_BIT_CONVERSION = YES;
				GCC_WARN_ABOUT_RETURN_TYPE = YES_ERROR;
				GCC_WARN_UNDECLARED_SELECTOR = YES;
				GCC_WARN_UNINITIALIZED_AUTOS = YES_AGGRESSIVE;
				GCC_WARN_UNUSED_FUNCTION = YES;
				GCC_WARN_UNUSED_VARIABLE = YES;
				IPHONEOS_DEPLOYMENT_TARGET = 9.2;
				MTL_ENABLE_DEBUG_INFO = NO;
				SDKROOT = iphoneos;
				VALIDATE_PRODUCT = YES;
			};
			name = Release;
		};
		2E41BA4F1CEDA7360066963D /* Debug */ = {
			isa = XCBuildConfiguration;
			baseConfigurationReference = A8A304B12D33CB5689F694A7 /* Pods.debug.xcconfig */;
			buildSettings = {
				ASSETCATALOG_COMPILER_APPICON_NAME = AppIcon;
				ASSETCATALOG_COMPILER_LAUNCHIMAGE_NAME = "Brand Assets";
				INFOPLIST_FILE = "$(SRCROOT)/LBPersonalApp/Supporting Files/Info.plist";
				IPHONEOS_DEPLOYMENT_TARGET = 8.0;
				LD_RUNPATH_SEARCH_PATHS = "$(inherited) @executable_path/Frameworks";
				LIBRARY_SEARCH_PATHS = (
					"$(inherited)",
					"\"${PODS_ROOT}/Headers/Public\"",
					"\"${PODS_ROOT}/Headers/Public/AFNetworking\"",
					"\"${PODS_ROOT}/Headers/Public/SDWebImage\"",
					"\"${PODS_ROOT}/Headers/Public/SVProgressHUD\"",
				);
				PRODUCT_BUNDLE_IDENTIFIER = lb.LBPersonalApp;
				PRODUCT_NAME = "$(TARGET_NAME)";
				"USER_HEADER_SEARCH_PATHS[arch=*]" = "$(SRCROOT)";
			};
			name = Debug;
		};
		2E41BA501CEDA7360066963D /* Release */ = {
			isa = XCBuildConfiguration;
			baseConfigurationReference = 95356B0575B67ABBBC5136E6 /* Pods.release.xcconfig */;
			buildSettings = {
				ASSETCATALOG_COMPILER_APPICON_NAME = AppIcon;
				ASSETCATALOG_COMPILER_LAUNCHIMAGE_NAME = "Brand Assets";
				INFOPLIST_FILE = "$(SRCROOT)/LBPersonalApp/Supporting Files/Info.plist";
				IPHONEOS_DEPLOYMENT_TARGET = 8.0;
				LD_RUNPATH_SEARCH_PATHS = "$(inherited) @executable_path/Frameworks";
				LIBRARY_SEARCH_PATHS = (
					"$(inherited)",
					"\"${PODS_ROOT}/Headers/Public\"",
					"\"${PODS_ROOT}/Headers/Public/AFNetworking\"",
					"\"${PODS_ROOT}/Headers/Public/SDWebImage\"",
					"\"${PODS_ROOT}/Headers/Public/SVProgressHUD\"",
				);
				PRODUCT_BUNDLE_IDENTIFIER = lb.LBPersonalApp;
				PRODUCT_NAME = "$(TARGET_NAME)";
			};
			name = Release;
		};
/* End XCBuildConfiguration section */

/* Begin XCConfigurationList section */
		2E41BA211CEDA7360066963D /* Build configuration list for PBXProject "LBPersonalApp" */ = {
			isa = XCConfigurationList;
			buildConfigurations = (
				2E41BA4C1CEDA7360066963D /* Debug */,
				2E41BA4D1CEDA7360066963D /* Release */,
			);
			defaultConfigurationIsVisible = 0;
			defaultConfigurationName = Release;
		};
		2E41BA4E1CEDA7360066963D /* Build configuration list for PBXNativeTarget "LBPersonalApp" */ = {
			isa = XCConfigurationList;
			buildConfigurations = (
				2E41BA4F1CEDA7360066963D /* Debug */,
				2E41BA501CEDA7360066963D /* Release */,
			);
			defaultConfigurationIsVisible = 0;
			defaultConfigurationName = Release;
		};
/* End XCConfigurationList section */
	};
	rootObject = 2E41BA1E1CEDA7360066963D /* Project object */;
}
